
Microsoft Visual Studio Solution File, Format Version 12.00
# Visual Studio Version 16
VisualStudioVersion = 25.0.1704.2
MinimumVisualStudioVersion = 10.0.40219.1
Project("{FAE04EC0-301F-11D3-BF4B-00C04F79EFBC}") = "ChatGPTConsole", "ChatGPT2\ChatGPTConsole.csproj", "{43ACB496-CBF2-42C8-BA2B-1C4AE52066E3}"
EndProject
Global
	GlobalSection(SolutionConfigurationPlatforms) = preSolution
		Debug|Any CPU = Debug|Any CPU
		Release|Any CPU = Release|Any CPU
	EndGlobalSection
	GlobalSection(ProjectConfigurationPlatforms) = postSolution
		{43ACB496-CBF2-42C8-BA2B-1C4AE52066E3}.Debug|Any CPU.ActiveCfg = Debug|Any CPU
		{43ACB496-CBF2-42C8-BA2B-1C4AE52066E3}.Debug|Any CPU.Build.0 = Debug|Any CPU
		{43ACB496-CBF2-42C8-BA2B-1C4AE52066E3}.Release|Any CPU.ActiveCfg = Release|Any CPU
		{43ACB496-CBF2-42C8-BA2B-1C4AE52066E3}.Release|Any CPU.Build.0 = Release|Any CPU
	EndGlobalSection
	GlobalSection(SolutionProperties) = preSolution
		HideSolutionNode = FALSE
	EndGlobalSection
	GlobalSection(ExtensibilityGlobals) = postSolution
		SolutionGuid = {A352B0A8-FED9-4D1C-95D8-56FDDB116EE5}
	EndGlobalSection
EndGlobal
